
Microsoft Visual Studio Solution File, Format Version 11.00
# Visual Studio 2010
Project("{FAE04EC0-301F-11D3-BF4B-00C04F79EFBC}") = "GitHelloWorld", "GitHelloWorld\GitHelloWorld.csproj", "{BF367DD4-63A2-46D4-98C2-0F48BC92F232}"
EndProject
Global
	GlobalSection(SolutionConfigurationPlatforms) = preSolution
		Debug|Any CPU = Debug|Any CPU
		Release|Any CPU = Release|Any CPU
	EndGlobalSection
	GlobalSection(ProjectConfigurationPlatforms) = postSolution
		{BF367DD4-63A2-46D4-98C2-0F48BC92F232}.Debug|Any CPU.ActiveCfg = Debug|Any CPU
		{BF367DD4-63A2-46D4-98C2-0F48BC92F232}.Debug|Any CPU.Build.0 = Debug|Any CPU
		{BF367DD4-63A2-46D4-98C2-0F48BC92F232}.Release|Any CPU.ActiveCfg = Release|Any CPU
		{BF367DD4-63A2-46D4-98C2-0F48BC92F232}.Release|Any CPU.Build.0 = Release|Any CPU
	EndGlobalSection
	GlobalSection(SolutionProperties) = preSolution
		HideSolutionNode = FALSE
	EndGlobalSection
EndGlobal
